Microsoft Visual Studio Solution File, Format Version 12.00
# Visual Studio Version 17
VisualStudioVersion = 17.5.2.0
MinimumVisualStudioVersion = 10.0.40219.1
Project("{FAE04EC0-301F-11D3-BF4B-00C04F79EFBC}") = "BeeGameApi", "BeeGameApi\BeeGameApi.csproj", "{584208BA-7D34-A5DD-824F-B2E57C2100F1}"
EndProject
Global
	GlobalSection(SolutionConfigurationPlatforms) = preSolution
		Debug|Any CPU = Debug|Any CPU
		Release|Any CPU = Release|Any CPU
	EndGlobalSection
	GlobalSection(ProjectConfigurationPlatforms) = postSolution
		{584208BA-7D34-A5DD-824F-B2E57C2100F1}.Debug|Any CPU.ActiveCfg = Debug|Any CPU
		{584208BA-7D34-A5DD-824F-B2E57C2100F1}.Debug|Any CPU.Build.0 = Debug|Any CPU
		{584208BA-7D34-A5DD-824F-B2E57C2100F1}.Release|Any CPU.ActiveCfg = Release|Any CPU
		{584208BA-7D34-A5DD-824F-B2E57C2100F1}.Release|Any CPU.Build.0 = Release|Any CPU
	EndGlobalSection
	GlobalSection(SolutionProperties) = preSolution
		HideSolutionNode = FALSE
	EndGlobalSection
	GlobalSection(ExtensibilityGlobals) = postSolution
		SolutionGuid = {B7A78F11-8090-4F56-8260-B197C7917B1B}
	EndGlobalSection
EndGlobal
